// !$*UTF8*$!
{
	archiveVersion = 1;
	classes = {
	};
	objectVersion = 77;
	objects = {

/* Begin PBXContainerItemProxy section */
		E867EBB42D6BC4FA008D4F98 /* PBXContainerItemProxy */ = {
			isa = PBXContainerItemProxy;
			containerPortal = E867EB9A2D6BC4F8008D4F98 /* Project object */;
			proxyType = 1;
			remoteGlobalIDString = E867EBA12D6BC4F8008D4F98;
			remoteInfo = ActividadPracticaAPI;
		};
		E867EBBE2D6BC4FA008D4F98 /* PBXContainerItemProxy */ = {
			isa = PBXContainerItemProxy;
			containerPortal = E867EB9A2D6BC4F8008D4F98 /* Project object */;
			proxyType = 1;
			remoteGlobalIDString = E867EBA12D6BC4F8008D4F98;
			remoteInfo = ActividadPracticaAPI;
		};
/* End PBXContainerItemProxy section */

/* Begin PBXFileReference section */
		E867EBA22D6BC4F8008D4F98 /* ActividadPracticaAPI.app */ = {isa = PBXFileReference; explicitFileType = wrapper.application; includeInIndex = 0; path = ActividadPracticaAPI.app; sourceTree = BUILT_PRODUCTS_DIR; };
		E867EBB32D6BC4FA008D4F98 /* ActividadPracticaAPITests.xctest */ = {isa = PBXFileReference; explicitFileType = wrapper.cfbundle; includeInIndex = 0; path = ActividadPracticaAPITests.xctest; sourceTree = BUILT_PRODUCTS_DIR; };
		E867EBBD2D6BC4FA008D4F98 /* ActividadPracticaAPIUITests.xctest */ = {isa = PBXFileReference; explicitFileType = wrapper.cfbundle; includeInIndex = 0; path = ActividadPracticaAPIUITests.xctest; sourceTree = BUILT_PRODUCTS_DIR; };
/* End PBXFileReference section */

/* Begin PBXFileSystemSynchronizedRootGroup section */
		E867EBA42D6BC4F8008D4F98 /* ActividadPracticaAPI */ = {
			isa = PBXFileSystemSynchronizedRootGroup;
			path = ActividadPracticaAPI;
			sourceTree = "<group>";
		};
		E867EBB62D6BC4FA008D4F98 /* ActividadPracticaAPITests */ = {
			isa = PBXFileSystemSynchronizedRootGroup;
			path = ActividadPracticaAPITests;
			sourceTree = "<group>";
		};
		E867EBC02D6BC4FA008D4F98 /* ActividadPracticaAPIUITests */ = {
			isa = PBXFileSystemSynchronizedRootGroup;
			path = ActividadPracticaAPIUITests;
			sourceTree = "<group>";
		};
/* End PBXFileSystemSynchronizedRootGroup section */

/* Begin PBXFrameworksBuildPhase section */
		E867EB9F2D6BC4F8008D4F98 /* Frameworks */ = {
			isa = PBXFrameworksBuildPhase;
			buildActionMask = 2147483647;
			files = (
			);
			runOnlyForDeploymentPostprocessing = 0;
		};
		E867EBB02D6BC4FA008D4F98 /* Frameworks */ = {
			isa = PBXFrameworksBuildPhase;
			buildActionMask = 2147483647;
			files = (
			);
			runOnlyForDeploymentPostprocessing = 0;
		};
		E867EBBA2D6BC4FA008D4F98 /* Frameworks */ = {
			isa = PBXFrameworksBuildPhase;
			buildActionMask = 2147483647;
			files = (
			);
			runOnlyForDeploymentPostprocessing = 0;
		};
/* End PBXFrameworksBuildPhase section */

/* Begin PBXGroup section */
		E867EB992D6BC4F8008D4F98 = {
			isa = PBXGroup;
			children = (
				E867EBA42D6BC4F8008D4F98 /* ActividadPracticaAPI */,
				E867EBB62D6BC4FA008D4F98 /* ActividadPracticaAPITests */,
				E867EBC02D6BC4FA008D4F98 /* ActividadPracticaAPIUITests */,
				E867EBA32D6BC4F8008D4F98 /* Products */,
			);
			sourceTree = "<group>";
		};
		E867EBA32D6BC4F8008D4F98 /* Products */ = {
			isa = PBXGroup;
			children = (
				E867EBA22D6BC4F8008D4F98 /* ActividadPracticaAPI.app */,
				E867EBB32D6BC4FA008D4F98 /* ActividadPracticaAPITests.xctest */,
				E867EBBD2D6BC4FA008D4F98 /* ActividadPracticaAPIUITests.xctest */,
			);
			name = Products;
			sourceTree = "<group>";
		};
/* End PBXGroup section */

/* Begin PBXNativeTarget section */
		E867EBA12D6BC4F8008D4F98 /* ActividadPracticaAPI */ = {
			isa = PBXNativeTarget;
			buildConfigurationList = E867EBC72D6BC4FA008D4F98 /* Build configuration list for PBXNativeTarget "ActividadPracticaAPI" */;
			buildPhases = (
				E867EB9E2D6BC4F8008D4F98 /* Sources */,
				E867EB9F2D6BC4F8008D4F98 /* Frameworks */,
				E867EBA02D6BC4F8008D4F98 /* Resources */,
			);
			buildRules = (
			);
			dependencies = (
			);
			fileSystemSynchronizedGroups = (
				E867EBA42D6BC4F8008D4F98 /* ActividadPracticaAPI */,
			);
			name = ActividadPracticaAPI;
			packageProductDependencies = (
			);
			productName = ActividadPracticaAPI;
			productReference = E867EBA22D6BC4F8008D4F98 /* ActividadPracticaAPI.app */;
			productType = "com.apple.product-type.application";
		};
		E867EBB22D6BC4FA008D4F98 /* ActividadPracticaAPITests */ = {
			isa = PBXNativeTarget;
			buildConfigurationList = E867EBCA2D6BC4FA008D4F98 /* Build configuration list for PBXNativeTarget "ActividadPracticaAPITests" */;
			buildPhases = (
				E867EBAF2D6BC4FA008D4F98 /* Sources */,
				E867EBB02D6BC4FA008D4F98 /* Frameworks */,
				E867EBB12D6BC4FA008D4F98 /* Resources */,
			);
			buildRules = (
			);
			dependencies = (
				E867EBB52D6BC4FA008D4F98 /* PBXTargetDependency */,
			);
			fileSystemSynchronizedGroups = (
				E867EBB62D6BC4FA008D4F98 /* ActividadPracticaAPITests */,
			);
			name = ActividadPracticaAPITests;
			packageProductDependencies = (
			);
			productName = ActividadPracticaAPITests;
			productReference = E867EBB32D6BC4FA008D4F98 /* ActividadPracticaAPITests.xctest */;
			productType = "com.apple.product-type.bundle.unit-test";
		};
		E867EBBC2D6BC4FA008D4F98 /* ActividadPracticaAPIUITests */ = {
			isa = PBXNativeTarget;
			buildConfigurationList = E867EBCD2D6BC4FA008D4F98 /* Build configuration list for PBXNativeTarget "ActividadPracticaAPIUITests" */;
			buildPhases = (
				E867EBB92D6BC4FA008D4F98 /* Sources */,
				E867EBBA2D6BC4FA008D4F98 /* Frameworks */,
				E867EBBB2D6BC4FA008D4F98 /* Resources */,
			);
			buildRules = (
			);
			dependencies = (
				E867EBBF2D6BC4FA008D4F98 /* PBXTargetDependency */,
			);
			fileSystemSynchronizedGroups = (
				E867EBC02D6BC4FA008D4F98 /* ActividadPracticaAPIUITests */,
			);
			name = ActividadPracticaAPIUITests;
			packageProductDependencies = (
			);
			productName = ActividadPracticaAPIUITests;
			productReference = E867EBBD2D6BC4FA008D4F98 /* ActividadPracticaAPIUITests.xctest */;
			productType = "com.apple.product-type.bundle.ui-testing";
		};
/* End PBXNativeTarget section */

/* Begin PBXProject section */
		E867EB9A2D6BC4F8008D4F98 /* Project object */ = {
			isa = PBXProject;
			attributes = {
				BuildIndependentTargetsInParallel = 1;
				LastSwiftUpdateCheck = 1620;
				LastUpgradeCheck = 1620;
				TargetAttributes = {
					E867EBA12D6BC4F8008D4F98 = {
						CreatedOnToolsVersion = 16.2;
					};
					E867EBB22D6BC4FA008D4F98 = {
						CreatedOnToolsVersion = 16.2;
						TestTargetID = E867EBA12D6BC4F8008D4F98;
					};
					E867EBBC2D6BC4FA008D4F98 = {
						CreatedOnToolsVersion = 16.2;
						TestTargetID = E867EBA12D6BC4F8008D4F98;
					};
				};
			};
			buildConfigurationList = E867EB9D2D6BC4F8008D4F98 /* Build configuration list for PBXProject "ActividadPracticaAPI" */;
			developmentRegion = en;
			hasScannedForEncodings = 0;
			knownRegions = (
				en,
				Base,
			);
			mainGroup = E867EB992D6BC4F8008D4F98;
			minimizedProjectReferenceProxies = 1;
			preferredProjectObjectVersion = 77;
			productRefGroup = E867EBA32D6BC4F8008D4F98 /* Products */;
			projectDirPath = "";
			projectRoot = "";
			targets = (
				E867EBA12D6BC4F8008D4F98 /* ActividadPracticaAPI */,
				E867EBB22D6BC4FA008D4F98 /* ActividadPracticaAPITests */,
				E867EBBC2D6BC4FA008D4F98 /* ActividadPracticaAPIUITests */,
			);
		};
/* End PBXProject section */

/* Begin PBXResourcesBuildPhase section */
		E867EBA02D6BC4F8008D4F98 /* Resources */ = {
			isa = PBXResourcesBuildPhase;
			buildActionMask = 2147483647;
			files = (
			);
			runOnlyForDeploymentPostprocessing = 0;
		};
		E867EBB12D6BC4FA008D4F98 /* Resources */ = {
			isa = PBXResourcesBuildPhase;
			buildActionMask = 2147483647;
			files = (
			);
			runOnlyForDeploymentPostprocessing = 0;
		};
		E867EBBB2D6BC4FA008D4F98 /* Resources */ = {
			isa = PBXResourcesBuildPhase;
			buildActionMask = 2147483647;
			files = (
			);
			runOnlyForDeploymentPostprocessing = 0;
		};
/* End PBXResourcesBuildPhase section */

/* Begin PBXSourcesBuildPhase section */
		E867EB9E2D6BC4F8008D4F98 /* Sources */ = {
			isa = PBXSourcesBuildPhase;
			buildActionMask = 2147483647;
			files = (
			);
			runOnlyForDeploymentPostprocessing = 0;
		};
		E867EBAF2D6BC4FA008D4F98 /* Sources */ = {
			isa = PBXSourcesBuildPhase;
			buildActionMask = 2147483647;
			files = (
			);
			runOnlyForDeploymentPostprocessing = 0;
		};
		E867EBB92D6BC4FA008D4F98 /* Sources */ = {
			isa = PBXSourcesBuildPhase;
			buildActionMask = 2147483647;
			files = (
			);
			runOnlyForDeploymentPostprocessing = 0;
		};
/* End PBXSourcesBuildPhase section */

/* Begin PBXTargetDependency section */
		E867EBB52D6BC4FA008D4F98 /* PBXTargetDependency */ = {
			isa = PBXTargetDependency;
			target = E867EBA12D6BC4F8008D4F98 /* ActividadPracticaAPI */;
			targetProxy = E867EBB42D6BC4FA008D4F98 /* PBXContainerItemProxy */;
		};
		E867EBBF2D6BC4FA008D4F98 /* PBXTargetDependency */ = {
			isa = PBXTargetDependency;
			target = E867EBA12D6BC4F8008D4F98 /* ActividadPracticaAPI */;
			targetProxy = E867EBBE2D6BC4FA008D4F98 /* PBXContainerItemProxy */;
		};
/* End PBXTargetDependency section */

/* Begin XCBuildConfiguration section */
		E867EBC52D6BC4FA008D4F98 /* Debug */ = {
			isa = XCBuildConfiguration;
			buildSettings = {
				ALWAYS_SEARCH_USER_PATHS = NO;
				ASSETCATALOG_COMPILER_GENERATE_SWIFT_ASSET_SYMBOL_EXTENSIONS = YES;
				CLANG_ANALYZER_NONNULL = YES;
				CLANG_ANALYZER_NUMBER_OBJECT_CONVERSION = YES_AGGRESSIVE;
				CLANG_CXX_LANGUAGE_STANDARD = "gnu++20";
				CLANG_ENABLE_MODULES = YES;
				CLANG_ENABLE_OBJC_ARC = YES;
				CLANG_ENABLE_OBJC_WEAK = YES;
				CLANG_WARN_BLOCK_CAPTURE_AUTORELEASING = YES;
				CLANG_WARN_BOOL_CONVERSION = YES;
				CLANG_WARN_COMMA = YES;
				CLANG_WARN_CONSTANT_CONVERSION = YES;
				CLANG_WARN_DEPRECATED_OBJC_IMPLEMENTATIONS = YES;
				CLANG_WARN_DIRECT_OBJC_ISA_USAGE = YES_ERROR;
				CLANG_WARN_DOCUMENTATION_COMMENTS = YES;
				CLANG_WARN_EMPTY_BODY = YES;
				CLANG_WARN_ENUM_CONVERSION = YES;
				CLANG_WARN_INFINITE_RECURSION = YES;
				CLANG_WARN_INT_CONVERSION = YES;
				CLANG_WARN_NON_LITERAL_NULL_CONVERSION = YES;
				CLANG_WARN_OBJC_IMPLICIT_RETAIN_SELF = YES;
				CLANG_WARN_OBJC_LITERAL_CONVERSION = YES;
				CLANG_WARN_OBJC_ROOT_CLASS = YES_ERROR;
				CLANG_WARN_QUOTED_INCLUDE_IN_FRAMEWORK_HEADER = YES;
				CLANG_WARN_RANGE_LOOP_ANALYSIS = YES;
				CLANG_WARN_STRICT_PROTOTYPES = YES;
				CLANG_WARN_SUSPICIOUS_MOVE = YES;
				CLANG_WARN_UNGUARDED_AVAILABILITY = YES_AGGRESSIVE;
				CLANG_WARN_UNREACHABLE_CODE = YES;
				CLANG_WARN__DUPLICATE_METHOD_MATCH = YES;
				COPY_PHASE_STRIP = NO;
				DEBUG_INFORMATION_FORMAT = dwarf;
				ENABLE_STRICT_OBJC_MSGSEND = YES;
				ENABLE_TESTABILITY = YES;
				ENABLE_USER_SCRIPT_SANDBOXING = YES;
				GCC_C_LANGUAGE_STANDARD = gnu17;
				GCC_DYNAMIC_NO_PIC = NO;
				GCC_NO_COMMON_BLOCKS = YES;
				GCC_OPTIMIZATION_LEVEL = 0;
				GCC_PREPROCESSOR_DEFINITIONS = (
					"DEBUG=1",
					"$(inherited)",
				);
				GCC_WARN_64_TO_32_BIT_CONVERSION = YES;
				GCC_WARN_ABOUT_RETURN_TYPE = YES_ERROR;
				GCC_WARN_UNDECLARED_SELECTOR = YES;
				GCC_WARN_UNINITIALIZED_AUTOS = YES_AGGRESSIVE;
				GCC_WARN_UNUSED_FUNCTION = YES;
				GCC_WARN_UNUSED_VARIABLE = YES;
				LOCALIZATION_PREFERS_STRING_CATALOGS = YES;
				MTL_ENABLE_DEBUG_INFO = INCLUDE_SOURCE;
				MTL_FAST_MATH = YES;
				ONLY_ACTIVE_ARCH = YES;
				SWIFT_ACTIVE_COMPILATION_CONDITIONS = "DEBUG $(inherited)";
				SWIFT_OPTIMIZATION_LEVEL = "-Onone";
			};
			name = Debug;
		};
		E867EBC62D6BC4FA008D4F98 /* Release */ = {
			isa = XCBuildConfiguration;
			buildSettings = {
				ALWAYS_SEARCH_USER_PATHS = NO;
				ASSETCATALOG_COMPILER_GENERATE_SWIFT_ASSET_SYMBOL_EXTENSIONS = YES;
				CLANG_ANALYZER_NONNULL = YES;
				CLANG_ANALYZER_NUMBER_OBJECT_CONVERSION = YES_AGGRESSIVE;
				CLANG_CXX_LANGUAGE_STANDARD = "gnu++20";
				CLANG_ENABLE_MODULES = YES;
				CLANG_ENABLE_OBJC_ARC = YES;
				CLANG_ENABLE_OBJC_WEAK = YES;
				CLANG_WARN_BLOCK_CAPTURE_AUTORELEASING = YES;
				CLANG_WARN_BOOL_CONVERSION = YES;
				CLANG_WARN_COMMA = YES;
				CLANG_WARN_CONSTANT_CONVERSION = YES;
				CLANG_WARN_DEPRECATED_OBJC_IMPLEMENTATIONS = YES;
				CLANG_WARN_DIRECT_OBJC_ISA_USAGE = YES_ERROR;
				CLANG_WARN_DOCUMENTATION_COMMENTS = YES;
				CLANG_WARN_EMPTY_BODY = YES;
				CLANG_WARN_ENUM_CONVERSION = YES;
				CLANG_WARN_INFINITE_RECURSION = YES;
				CLANG_WARN_INT_CONVERSION = YES;
				CLANG_WARN_NON_LITERAL_NULL_CONVERSION = YES;
				CLANG_WARN_OBJC_IMPLICIT_RETAIN_SELF = YES;
				CLANG_WARN_OBJC_LITERAL_CONVERSION = YES;
				CLANG_WARN_OBJC_ROOT_CLASS = YES_ERROR;
				CLANG_WARN_QUOTED_INCLUDE_IN_FRAMEWORK_HEADER = YES;
				CLANG_WARN_RANGE_LOOP_ANALYSIS = YES;
				CLANG_WARN_STRICT_PROTOTYPES = YES;
				CLANG_WARN_SUSPICIOUS_MOVE = YES;
				CLANG_WARN_UNGUARDED_AVAILABILITY = YES_AGGRESSIVE;
				CLANG_WARN_UNREACHABLE_CODE = YES;
				CLANG_WARN__DUPLICATE_METHOD_MATCH = YES;
				COPY_PHASE_STRIP = NO;
				DEBUG_INFORMATION_FORMAT = "dwarf-with-dsym";
				ENABLE_NS_ASSERTIONS = NO;
				ENABLE_STRICT_OBJC_MSGSEND = YES;
				ENABLE_USER_SCRIPT_SANDBOXING = YES;
				GCC_C_LANGUAGE_STANDARD = gnu17;
				GCC_NO_COMMON_BLOCKS = YES;
				GCC_WARN_64_TO_32_BIT_CONVERSION = YES;
				GCC_WARN_ABOUT_RETURN_TYPE = YES_ERROR;
				GCC_WARN_UNDECLARED_SELECTOR = YES;
				GCC_WARN_UNINITIALIZED_AUTOS = YES_AGGRESSIVE;
				GCC_WARN_UNUSED_FUNCTION = YES;
				GCC_WARN_UNUSED_VARIABLE = YES;
				LOCALIZATION_PREFERS_STRING_CATALOGS = YES;
				MTL_ENABLE_DEBUG_INFO = NO;
				MTL_FAST_MATH = YES;
				SWIFT_COMPILATION_MODE = wholemodule;
			};
			name = Release;
		};
		E867EBC82D6BC4FA008D4F98 /* Debug */ = {
			isa = XCBuildConfiguration;
			buildSettings = {
				ASSETCATALOG_COMPILER_APPICON_NAME = AppIcon;
				ASSETCATALOG_COMPILER_GLOBAL_ACCENT_COLOR_NAME = AccentColor;
				CODE_SIGN_ENTITLEMENTS = ActividadPracticaAPI/ActividadPracticaAPI.entitlements;
				CODE_SIGN_STYLE = Automatic;
				CURRENT_PROJECT_VERSION = 1;
				DEVELOPMENT_ASSET_PATHS = "\"ActividadPracticaAPI/Preview Content\"";
				ENABLE_PREVIEWS = YES;
				GENERATE_INFOPLIST_FILE = YES;
				"INFOPLIST_KEY_UIApplicationSceneManifest_Generation[sdk=iphoneos*]" = YES;
				"INFOPLIST_KEY_UIApplicationSceneManifest_Generation[sdk=iphonesimulator*]" = YES;
				"INFOPLIST_KEY_UIApplicationSupportsIndirectInputEvents[sdk=iphoneos*]" = YES;
				"INFOPLIST_KEY_UIApplicationSupportsIndirectInputEvents[sdk=iphonesimulator*]" = YES;
				"INFOPLIST_KEY_UILaunchScreen_Generation[sdk=iphoneos*]" = YES;
				"INFOPLIST_KEY_UILaunchScreen_Generation[sdk=iphonesimulator*]" = YES;
				"INFOPLIST_KEY_UIStatusBarStyle[sdk=iphoneos*]" = UIStatusBarStyleDefault;
				"INFOPLIST_KEY_UIStatusBarStyle[sdk=iphonesimulator*]" = UIStatusBarStyleDefault;
				INFOPLIST_KEY_UISupportedInterfaceOrientations_iPad = "UIInterfaceOrientationPortrait UIInterfaceOrientationPortraitUpsideDown UIInterfaceOrientationLandscapeLeft UIInterfaceOrientationLandscapeRight";
				INFOPLIST_KEY_UISupportedInterfaceOrientations_iPhone = "UIInterfaceOrientationPortrait UIInterfaceOrientationLandscapeLeft UIInterfaceOrientationLandscapeRight";
				IPHONEOS_DEPLOYMENT_TARGET = 18.2;
				LD_RUNPATH_SEARCH_PATHS = "@executable_path/Frameworks";
				"LD_RUNPATH_SEARCH_PATHS[sdk=macosx*]" = "@executable_path/../Frameworks";
				MACOSX_DEPLOYMENT_TARGET = 15.2;
				MARKETING_VERSION = 1.0;
				PRODUCT_BUNDLE_IDENTIFIER = ejercicios.ActividadPracticaAPI;
				PRODUCT_NAME = "$(TARGET_NAME)";
				SDKROOT = auto;
				SUPPORTED_PLATFORMS = "iphoneos iphonesimulator macosx xros xrsimulator";
				SWIFT_EMIT_LOC_STRINGS = YES;
				SWIFT_VERSION = 5.0;
				TARGETED_DEVICE_FAMILY = "1,2,7";
				XROS_DEPLOYMENT_TARGET = 2.2;
			};
			name = Debug;
		};
		E867EBC92D6BC4FA008D4F98 /* Release */ = {
			isa = XCBuildConfiguration;
			buildSettings = {
				ASSETCATALOG_COMPILER_APPICON_NAME = AppIcon;
				ASSETCATALOG_COMPILER_GLOBAL_ACCENT_COLOR_NAME = AccentColor;
				CODE_SIGN_ENTITLEMENTS = ActividadPracticaAPI/ActividadPracticaAPI.entitlements;
				CODE_SIGN_STYLE = Automatic;
				CURRENT_PROJECT_VERSION = 1;
				DEVELOPMENT_ASSET_PATHS = "\"ActividadPracticaAPI/Preview Content\"";
				ENABLE_PREVIEWS = YES;
				GENERATE_INFOPLIST_FILE = YES;
				"INFOPLIST_KEY_UIApplicationSceneManifest_Generation[sdk=iphoneos*]" = YES;
				"INFOPLIST_KEY_UIApplicationSceneManifest_Generation[sdk=iphonesimulator*]" = YES;
				"INFOPLIST_KEY_UIApplicationSupportsIndirectInputEvents[sdk=iphoneos*]" = YES;
				"INFOPLIST_KEY_UIApplicationSupportsIndirectInputEvents[sdk=iphonesimulator*]" = YES;
				"INFOPLIST_KEY_UILaunchScreen_Generation[sdk=iphoneos*]" = YES;
				"INFOPLIST_KEY_UILaunchScreen_Generation[sdk=iphonesimulator*]" = YES;
				"INFOPLIST_KEY_UIStatusBarStyle[sdk=iphoneos*]" = UIStatusBarStyleDefault;
				"INFOPLIST_KEY_UIStatusBarStyle[sdk=iphonesimulator*]" = UIStatusBarStyleDefault;
				INFOPLIST_KEY_UISupportedInterfaceOrientations_iPad = "UIInterfaceOrientationPortrait UIInterfaceOrientationPortraitUpsideDown UIInterfaceOrientationLandscapeLeft UIInterfaceOrientationLandscapeRight";
				INFOPLIST_KEY_UISupportedInterfaceOrientations_iPhone = "UIInterfaceOrientationPortrait UIInterfaceOrientationLandscapeLeft UIInterfaceOrientationLandscapeRight";
				IPHONEOS_DEPLOYMENT_TARGET = 18.2;
				LD_RUNPATH_SEARCH_PATHS = "@executable_path/Frameworks";
				"LD_RUNPATH_SEARCH_PATHS[sdk=macosx*]" = "@executable_path/../Frameworks";
				MACOSX_DEPLOYMENT_TARGET = 15.2;
				MARKETING_VERSION = 1.0;
				PRODUCT_BUNDLE_IDENTIFIER = ejercicios.ActividadPracticaAPI;
				PRODUCT_NAME = "$(TARGET_NAME)";
				SDKROOT = auto;
				SUPPORTED_PLATFORMS = "iphoneos iphonesimulator macosx xros xrsimulator";
				SWIFT_EMIT_LOC_STRINGS = YES;
				SWIFT_VERSION = 5.0;
				TARGETED_DEVICE_FAMILY = "1,2,7";
				XROS_DEPLOYMENT_TARGET = 2.2;
			};
			name = Release;
		};
		E867EBCB2D6BC4FA008D4F98 /* Debug */ = {
			isa = XCBuildConfiguration;
			buildSettings = {
				BUNDLE_LOADER = "$(TEST_HOST)";
				CODE_SIGN_STYLE = Automatic;
				CURRENT_PROJECT_VERSION = 1;
				GENERATE_INFOPLIST_FILE = YES;
				IPHONEOS_DEPLOYMENT_TARGET = 18.2;
				MACOSX_DEPLOYMENT_TARGET = 15.2;
				MARKETING_VERSION = 1.0;
				PRODUCT_BUNDLE_IDENTIFIER = ejercicios.ActividadPracticaAPITests;
				PRODUCT_NAME = "$(TARGET_NAME)";
				SDKROOT = auto;
				SUPPORTED_PLATFORMS = "iphoneos iphonesimulator macosx xros xrsimulator";
				SWIFT_EMIT_LOC_STRINGS = NO;
				SWIFT_VERSION = 5.0;
				TARGETED_DEVICE_FAMILY = "1,2,7";
				TEST_HOST = "$(BUILT_PRODUCTS_DIR)/ActividadPracticaAPI.app/$(BUNDLE_EXECUTABLE_FOLDER_PATH)/ActividadPracticaAPI";
				XROS_DEPLOYMENT_TARGET = 2.2;
			};
			name = Debug;
		};
		E867EBCC2D6BC4FA008D4F98 /* Release */ = {
			isa = XCBuildConfiguration;
			buildSettings = {
				BUNDLE_LOADER = "$(TEST_HOST)";
				CODE_SIGN_STYLE = Automatic;
				CURRENT_PROJECT_VERSION = 1;
				GENERATE_INFOPLIST_FILE = YES;
				IPHONEOS_DEPLOYMENT_TARGET = 18.2;
				MACOSX_DEPLOYMENT_TARGET = 15.2;
				MARKETING_VERSION = 1.0;
				PRODUCT_BUNDLE_IDENTIFIER = ejercicios.ActividadPracticaAPITests;
				PRODUCT_NAME = "$(TARGET_NAME)";
				SDKROOT = auto;
				SUPPORTED_PLATFORMS = "iphoneos iphonesimulator macosx xros xrsimulator";
				SWIFT_EMIT_LOC_STRINGS = NO;
				SWIFT_VERSION = 5.0;
				TARGETED_DEVICE_FAMILY = "1,2,7";
				TEST_HOST = "$(BUILT_PRODUCTS_DIR)/ActividadPracticaAPI.app/$(BUNDLE_EXECUTABLE_FOLDER_PATH)/ActividadPracticaAPI";
				XROS_DEPLOYMENT_TARGET = 2.2;
			};
			name = Release;
		};
		E867EBCE2D6BC4FA008D4F98 /* Debug */ = {
			isa = XCBuildConfiguration;
			buildSettings = {
				CODE_SIGN_STYLE = Automatic;
				CURRENT_PROJECT_VERSION = 1;
				GENERATE_INFOPLIST_FILE = YES;
				IPHONEOS_DEPLOYMENT_TARGET = 18.2;
				MACOSX_DEPLOYMENT_TARGET = 15.2;
				MARKETING_VERSION = 1.0;
				PRODUCT_BUNDLE_IDENTIFIER = ejercicios.ActividadPracticaAPIUITests;
				PRODUCT_NAME = "$(TARGET_NAME)";
				SDKROOT = auto;
				SUPPORTED_PLATFORMS = "iphoneos iphonesimulator macosx xros xrsimulator";
				SWIFT_EMIT_LOC_STRINGS = NO;
				SWIFT_VERSION = 5.0;
				TARGETED_DEVICE_FAMILY = "1,2,7";
				TEST_TARGET_NAME = ActividadPracticaAPI;
				XROS_DEPLOYMENT_TARGET = 2.2;
			};
			name = Debug;
		};
		E867EBCF2D6BC4FA008D4F98 /* Release */ = {
			isa = XCBuildConfiguration;
			buildSettings = {
				CODE_SIGN_STYLE = Automatic;
				CURRENT_PROJECT_VERSION = 1;
				GENERATE_INFOPLIST_FILE = YES;
				IPHONEOS_DEPLOYMENT_TARGET = 18.2;
				MACOSX_DEPLOYMENT_TARGET = 15.2;
				MARKETING_VERSION = 1.0;
				PRODUCT_BUNDLE_IDENTIFIER = ejercicios.ActividadPracticaAPIUITests;
				PRODUCT_NAME = "$(TARGET_NAME)";
				SDKROOT = auto;
				SUPPORTED_PLATFORMS = "iphoneos iphonesimulator macosx xros xrsimulator";
				SWIFT_EMIT_LOC_STRINGS = NO;
				SWIFT_VERSION = 5.0;
				TARGETED_DEVICE_FAMILY = "1,2,7";
				TEST_TARGET_NAME = ActividadPracticaAPI;
				XROS_DEPLOYMENT_TARGET = 2.2;
			};
			name = Release;
		};
/* End XCBuildConfiguration section */

/* Begin XCConfigurationList section */
		E867EB9D2D6BC4F8008D4F98 /* Build configuration list for PBXProject "ActividadPracticaAPI" */ = {
			isa = XCConfigurationList;
			buildConfigurations = (
				E867EBC52D6BC4FA008D4F98 /* Debug */,
				E867EBC62D6BC4FA008D4F98 /* Release */,
			);
			defaultConfigurationIsVisible = 0;
			defaultConfigurationName = Release;
		};
		E867EBC72D6BC4FA008D4F98 /* Build configuration list for PBXNativeTarget "ActividadPracticaAPI" */ = {
			isa = XCConfigurationList;
			buildConfigurations = (
				E867EBC82D6BC4FA008D4F98 /* Debug */,
				E867EBC92D6BC4FA008D4F98 /* Release */,
			);
			defaultConfigurationIsVisible = 0;
			defaultConfigurationName = Release;
		};
		E867EBCA2D6BC4FA008D4F98 /* Build configuration list for PBXNativeTarget "ActividadPracticaAPITests" */ = {
			isa = XCConfigurationList;
			buildConfigurations = (
				E867EBCB2D6BC4FA008D4F98 /* Debug */,
				E867EBCC2D6BC4FA008D4F98 /* Release */,
			);
			defaultConfigurationIsVisible = 0;
			defaultConfigurationName = Release;
		};
		E867EBCD2D6BC4FA008D4F98 /* Build configuration list for PBXNativeTarget "ActividadPracticaAPIUITests" */ = {
			isa = XCConfigurationList;
			buildConfigurations = (
				E867EBCE2D6BC4FA008D4F98 /* Debug */,
				E867EBCF2D6BC4FA008D4F98 /* Release */,
			);
			defaultConfigurationIsVisible = 0;
			defaultConfigurationName = Release;
		};
/* End XCConfigurationList section */
	};
	rootObject = E867EB9A2D6BC4F8008D4F98 /* Project object */;
}
